
Microsoft Visual Studio Solution File, Format Version 12.00
# Visual Studio 15
VisualStudioVersion = 15.0.26124.0
MinimumVisualStudioVersion = 15.0.26124.0
Project("{f2a71f9b-5d33-465a-a702-920d77279786}") = "DotConsole", "DotConsole\DotConsole.fsproj", "{508BA0E0-F1FA-46AA-ABC6-B53F7A3CB8A7}"
EndProject
Project("{f2a71f9b-5d33-465a-a702-920d77279786}") = "DotConsole.Tests", "DotConsole.Tests\DotConsole.Tests.fsproj", "{74DF7A40-2517-49F9-A312-CFB4B827B5DB}"
EndProject
Global
	GlobalSection(SolutionConfigurationPlatforms) = preSolution
		Debug|Any CPU = Debug|Any CPU
		Debug|x64 = Debug|x64
		Debug|x86 = Debug|x86
		Release|Any CPU = Release|Any CPU
		Release|x64 = Release|x64
		Release|x86 = Release|x86
	EndGlobalSection
	GlobalSection(SolutionProperties) = preSolution
		HideSolutionNode = FALSE
	EndGlobalSection
	GlobalSection(ProjectConfigurationPlatforms) = postSolution
		{508BA0E0-F1FA-46AA-ABC6-B53F7A3CB8A7}.Debug|Any CPU.ActiveCfg = Debug|Any CPU
		{508BA0E0-F1FA-46AA-ABC6-B53F7A3CB8A7}.Debug|Any CPU.Build.0 = Debug|Any CPU
		{74DF7A40-2517-49F9-A312-CFB4B827B5DB}.Debug|Any CPU.ActiveCfg = Debug|Any CPU
		{74DF7A40-2517-49F9-A312-CFB4B827B5DB}.Debug|Any CPU.Build.0 = Debug|Any CPU
		{E8BEE11D-4327-40EE-9060-63C15912F026}.Debug|Any CPU.ActiveCfg = Debug|x86
		{E8BEE11D-4327-40EE-9060-63C15912F026}.Debug|Any CPU.Build.0 = Debug|x86
		{C3EB283C-6F00-4B6F-8619-6BC75C7A3848}.Debug|Any CPU.ActiveCfg = Debug|Any CPU
		{C3EB283C-6F00-4B6F-8619-6BC75C7A3848}.Debug|Any CPU.Build.0 = Debug|Any CPU
		{C3EB283C-6F00-4B6F-8619-6BC75C7A3848}.Debug|x64.ActiveCfg = Debug|Any CPU
		{C3EB283C-6F00-4B6F-8619-6BC75C7A3848}.Debug|x64.Build.0 = Debug|Any CPU
		{C3EB283C-6F00-4B6F-8619-6BC75C7A3848}.Debug|x86.ActiveCfg = Debug|Any CPU
		{C3EB283C-6F00-4B6F-8619-6BC75C7A3848}.Debug|x86.Build.0 = Debug|Any CPU
		{C3EB283C-6F00-4B6F-8619-6BC75C7A3848}.Release|Any CPU.ActiveCfg = Release|Any CPU
		{C3EB283C-6F00-4B6F-8619-6BC75C7A3848}.Release|Any CPU.Build.0 = Release|Any CPU
		{C3EB283C-6F00-4B6F-8619-6BC75C7A3848}.Release|x64.ActiveCfg = Release|Any CPU
		{C3EB283C-6F00-4B6F-8619-6BC75C7A3848}.Release|x64.Build.0 = Release|Any CPU
		{C3EB283C-6F00-4B6F-8619-6BC75C7A3848}.Release|x86.ActiveCfg = Release|Any CPU
		{C3EB283C-6F00-4B6F-8619-6BC75C7A3848}.Release|x86.Build.0 = Release|Any CPU
	EndGlobalSection
	GlobalSection(MonoDevelopProperties) = preSolution
		Policies = $0
		$0.DotNetNamingPolicy = $1
		$1.DirectoryNamespaceAssociation = None
		$1.ResourceNamePolicy = FileFormatDefault
		$0.StandardHeader = $2
		$2.Text = 
		$2.IncludeInNewFiles = True
		$0.NameConventionPolicy = $3
		$3.Rules = $4
		$4.NamingRule = $5
		$5.Name = Type Parameters
		$5.AffectedEntity = TypeParameter
		$5.VisibilityMask = VisibilityMask
		$5.NamingStyle = PascalCase
		$5.IncludeInstanceMembers = True
		$5.IncludeStaticEntities = True
		$5.RequiredPrefixes = $6
		$6.String = T
		$5.RequiredSuffixes = $7
		$7.String = Exception
		$0.TextStylePolicy = $8
		$8.FileWidth = 120
		$8.inheritsSet = null
		$8.inheritsScope = text/plain
		$8.scope = application/xml
		$8.TabsToSpaces = False
		$0.FSharpFormattingPolicy = $9
		$9.DefaultFormat = $10
		$10.IndentOnTryWith = False
		$10.ReorderOpenDeclaration = False
		$10.SpaceAfterComma = True
		$10.SpaceAfterSemicolon = True
		$10.SpaceAroundDelimiter = True
		$10.SpaceBeforeArgument = True
		$10.SpaceBeforeColon = True
		$9.scope = text/x-fsharp
		$0.XmlFormattingPolicy = $11
		$11.inheritsSet = Mono
		$11.scope = application/xml
		$11.inheritsScope = application/xml
	EndGlobalSection
EndGlobal
